{
  "name": "vpn-smb-manager",
  "lockfileVersion": 3,
  "requires": true,
  "packages": {
    "": {
      "dependencies": {
        "simple-sqlite3-wrapper": "^1.0.1"
      }
    },
    "node_modules/simple-sqlite3-wrapper": {
      "version": "1.0.1",
      "resolved": "https://registry.npmjs.org/simple-sqlite3-wrapper/-/simple-sqlite3-wrapper-1.0.1.tgz",
      "integrity": "sha512-iFLi65e4Fgj3LIXVhtG8ZaZED+kaq/6Y2fauFgInGKnkOay4uYLWQ8JozCGiWiWxLetb0Usewzh/cllHjx+e0g=="
    }
  }
}
